{
  "version": 4,
  "terraform_version": "1.6.2",
  "serial": 1,
  "lineage": "c561f923-2d08-64ff-af72-3b51ed5dc958",
  "outputs": {
    "client_certificate": {
      "value": null,
      "type": "string",
      "sensitive": true
    },
    "kube_config": {
      "value": null,
      "type": "string",
      "sensitive": true
    }
  },
  "resources": [
    {
      "mode": "managed",
      "type": "azurerm_resource_group",
      "name": "example",
      "provider": "provider[\"registry.terraform.io/hashicorp/azurerm\"]",
      "instances": [
        {
          "schema_version": 0,
          "attributes": {
            "id": "/subscriptions/8b7d19bd-5c73-4366-ab89-2449d95b230f/resourceGroups/C9LAB-RG-ER",
            "location": "westeurope",
            "name": "C9LAB-RG-ER",
            "tags": {},
            "timeouts": {
              "create": null,
              "delete": null,
              "read": null,
              "update": null
            }
          },
          "sensitive_attributes": [],
          "private": "eyJlMmJmYjczMC1lY2FhLTExZTYtOGY4OC0zNDM2M2JjN2M0YzAiOnsiY3JlYXRlIjo1NDAwMDAwMDAwMDAwLCJkZWxldGUiOjU0MDAwMDAwMDAwMDAsInJlYWQiOjMwMDAwMDAwMDAwMCwidXBkYXRlIjo1NDAwMDAwMDAwMDAwfSwic2NoZW1hX3ZlcnNpb24iOiIwIn0="
        }
      ]
    }
  ],
  "check_results": null
}
